// !$*UTF8*$!
{
	archiveVersion = 1;
	classes = {
	};
	objectVersion = 56;
	objects = {

/* Begin PBXBuildFile section */
		DDC569822C6E7C89000C73D5 /* ColorExtension.swift in Sources */ = {isa = PBXBuildFile; fileRef = DDC569812C6E7C88000C73D5 /* ColorExtension.swift */; };
		DDC569842C6E80C0000C73D5 /* CustomButtonView.swift in Sources */ = {isa = PBXBuildFile; fileRef = DDC569832C6E80C0000C73D5 /* CustomButtonView.swift */; };
		DDC569862C6E85B7000C73D5 /* GradientButtonStyle.swift in Sources */ = {isa = PBXBuildFile; fileRef = DDC569852C6E85B7000C73D5 /* GradientButtonStyle.swift */; };
		DDC569882C6EA4E6000C73D5 /* CustomCircleView.swift in Sources */ = {isa = PBXBuildFile; fileRef = DDC569872C6EA4E6000C73D5 /* CustomCircleView.swift */; };
		DDC5698A2C6EA66B000C73D5 /* MotionAnimationView.swift in Sources */ = {isa = PBXBuildFile; fileRef = DDC569892C6EA66B000C73D5 /* MotionAnimationView.swift */; };
		DDC5698D2C6EAE95000C73D5 /* SettingsView.swift in Sources */ = {isa = PBXBuildFile; fileRef = DDC5698C2C6EAE95000C73D5 /* SettingsView.swift */; };
		DDDD60782C6C05590054514A /* RitzHikeApp.swift in Sources */ = {isa = PBXBuildFile; fileRef = DDDD60772C6C05590054514A /* RitzHikeApp.swift */; };
		DDDD607A2C6C05590054514A /* ContentView.swift in Sources */ = {isa = PBXBuildFile; fileRef = DDDD60792C6C05590054514A /* ContentView.swift */; };
		DDDD607C2C6C055C0054514A /* Assets.xcassets in Resources */ = {isa = PBXBuildFile; fileRef = DDDD607B2C6C055C0054514A /* Assets.xcassets */; };
		DDDD607F2C6C055C0054514A /* Preview Assets.xcassets in Resources */ = {isa = PBXBuildFile; fileRef = DDDD607E2C6C055C0054514A /* Preview Assets.xcassets */; };
		DDDD60862C6C07F20054514A /* CardView.swift in Sources */ = {isa = PBXBuildFile; fileRef = DDDD60852C6C07F20054514A /* CardView.swift */; };
		DDDD60892C6C09DC0054514A /* CustomBackgroundView.swift in Sources */ = {isa = PBXBuildFile; fileRef = DDDD60882C6C09DC0054514A /* CustomBackgroundView.swift */; };
/* End PBXBuildFile section */

/* Begin PBXFileReference section */
		DDC569812C6E7C88000C73D5 /* ColorExtension.swift */ = {isa = PBXFileReference; lastKnownFileType = sourcecode.swift; path = ColorExtension.swift; sourceTree = "<group>"; };
		DDC569832C6E80C0000C73D5 /* CustomButtonView.swift */ = {isa = PBXFileReference; lastKnownFileType = sourcecode.swift; path = CustomButtonView.swift; sourceTree = "<group>"; };
		DDC569852C6E85B7000C73D5 /* GradientButtonStyle.swift */ = {isa = PBXFileReference; lastKnownFileType = sourcecode.swift; path = GradientButtonStyle.swift; sourceTree = "<group>"; };
		DDC569872C6EA4E6000C73D5 /* CustomCircleView.swift */ = {isa = PBXFileReference; lastKnownFileType = sourcecode.swift; path = CustomCircleView.swift; sourceTree = "<group>"; };
		DDC569892C6EA66B000C73D5 /* MotionAnimationView.swift */ = {isa = PBXFileReference; lastKnownFileType = sourcecode.swift; path = MotionAnimationView.swift; sourceTree = "<group>"; };
		DDC5698C2C6EAE95000C73D5 /* SettingsView.swift */ = {isa = PBXFileReference; lastKnownFileType = sourcecode.swift; path = SettingsView.swift; sourceTree = "<group>"; };
		DDDD60742C6C05590054514A /* RitzHike.app */ = {isa = PBXFileReference; explicitFileType = wrapper.application; includeInIndex = 0; path = RitzHike.app; sourceTree = BUILT_PRODUCTS_DIR; };
		DDDD60772C6C05590054514A /* RitzHikeApp.swift */ = {isa = PBXFileReference; lastKnownFileType = sourcecode.swift; path = RitzHikeApp.swift; sourceTree = "<group>"; };
		DDDD60792C6C05590054514A /* ContentView.swift */ = {isa = PBXFileReference; lastKnownFileType = sourcecode.swift; path = ContentView.swift; sourceTree = "<group>"; };
		DDDD607B2C6C055C0054514A /* Assets.xcassets */ = {isa = PBXFileReference; lastKnownFileType = folder.assetcatalog; path = Assets.xcassets; sourceTree = "<group>"; };
		DDDD607E2C6C055C0054514A /* Preview Assets.xcassets */ = {isa = PBXFileReference; lastKnownFileType = folder.assetcatalog; path = "Preview Assets.xcassets"; sourceTree = "<group>"; };
		DDDD60852C6C07F20054514A /* CardView.swift */ = {isa = PBXFileReference; lastKnownFileType = sourcecode.swift; path = CardView.swift; sourceTree = "<group>"; };
		DDDD60882C6C09DC0054514A /* CustomBackgroundView.swift */ = {isa = PBXFileReference; lastKnownFileType = sourcecode.swift; path = CustomBackgroundView.swift; sourceTree = "<group>"; };
/* End PBXFileReference section */

/* Begin PBXFrameworksBuildPhase section */
		DDDD60712C6C05590054514A /* Frameworks */ = {
			isa = PBXFrameworksBuildPhase;
			buildActionMask = 2147483647;
			files = (
			);
			runOnlyForDeploymentPostprocessing = 0;
		};
/* End PBXFrameworksBuildPhase section */

/* Begin PBXGroup section */
		DDC569802C6E7C68000C73D5 /* Utility */ = {
			isa = PBXGroup;
			children = (
				DDC569812C6E7C88000C73D5 /* ColorExtension.swift */,
				DDC569852C6E85B7000C73D5 /* GradientButtonStyle.swift */,
			);
			path = Utility;
			sourceTree = "<group>";
		};
		DDC5698B2C6EAD7A000C73D5 /* Screen */ = {
			isa = PBXGroup;
			children = (
				DDDD60792C6C05590054514A /* ContentView.swift */,
				DDC5698C2C6EAE95000C73D5 /* SettingsView.swift */,
			);
			path = Screen;
			sourceTree = "<group>";
		};
		DDDD606B2C6C05590054514A = {
			isa = PBXGroup;
			children = (
				DDDD60762C6C05590054514A /* RitzHike */,
				DDDD60752C6C05590054514A /* Products */,
			);
			sourceTree = "<group>";
		};
		DDDD60752C6C05590054514A /* Products */ = {
			isa = PBXGroup;
			children = (
				DDDD60742C6C05590054514A /* RitzHike.app */,
			);
			name = Products;
			sourceTree = "<group>";
		};
		DDDD60762C6C05590054514A /* RitzHike */ = {
			isa = PBXGroup;
			children = (
				DDC569802C6E7C68000C73D5 /* Utility */,
				DDDD60772C6C05590054514A /* RitzHikeApp.swift */,
				DDC5698B2C6EAD7A000C73D5 /* Screen */,
				DDDD607B2C6C055C0054514A /* Assets.xcassets */,
				DDDD607D2C6C055C0054514A /* Preview Content */,
				DDDD60872C6C099D0054514A /* Component */,
			);
			path = RitzHike;
			sourceTree = "<group>";
		};
		DDDD607D2C6C055C0054514A /* Preview Content */ = {
			isa = PBXGroup;
			children = (
				DDDD607E2C6C055C0054514A /* Preview Assets.xcassets */,
			);
			path = "Preview Content";
			sourceTree = "<group>";
		};
		DDDD60872C6C099D0054514A /* Component */ = {
			isa = PBXGroup;
			children = (
				DDDD60852C6C07F20054514A /* CardView.swift */,
				DDDD60882C6C09DC0054514A /* CustomBackgroundView.swift */,
				DDC569832C6E80C0000C73D5 /* CustomButtonView.swift */,
				DDC569872C6EA4E6000C73D5 /* CustomCircleView.swift */,
				DDC569892C6EA66B000C73D5 /* MotionAnimationView.swift */,
			);
			path = Component;
			sourceTree = "<group>";
		};
/* End PBXGroup section */

/* Begin PBXNativeTarget section */
		DDDD60732C6C05590054514A /* RitzHike */ = {
			isa = PBXNativeTarget;
			buildConfigurationList = DDDD60822C6C055C0054514A /* Build configuration list for PBXNativeTarget "RitzHike" */;
			buildPhases = (
				DDDD60702C6C05590054514A /* Sources */,
				DDDD60712C6C05590054514A /* Frameworks */,
				DDDD60722C6C05590054514A /* Resources */,
			);
			buildRules = (
			);
			dependencies = (
			);
			name = RitzHike;
			productName = RitzHike;
			productReference = DDDD60742C6C05590054514A /* RitzHike.app */;
			productType = "com.apple.product-type.application";
		};
/* End PBXNativeTarget section */

/* Begin PBXProject section */
		DDDD606C2C6C05590054514A /* Project object */ = {
			isa = PBXProject;
			attributes = {
				BuildIndependentTargetsInParallel = 1;
				LastSwiftUpdateCheck = 1540;
				LastUpgradeCheck = 1540;
				TargetAttributes = {
					DDDD60732C6C05590054514A = {
						CreatedOnToolsVersion = 15.4;
					};
				};
			};
			buildConfigurationList = DDDD606F2C6C05590054514A /* Build configuration list for PBXProject "RitzHike" */;
			compatibilityVersion = "Xcode 14.0";
			developmentRegion = en;
			hasScannedForEncodings = 0;
			knownRegions = (
				en,
				Base,
			);
			mainGroup = DDDD606B2C6C05590054514A;
			productRefGroup = DDDD60752C6C05590054514A /* Products */;
			projectDirPath = "";
			projectRoot = "";
			targets = (
				DDDD60732C6C05590054514A /* RitzHike */,
			);
		};
/* End PBXProject section */

/* Begin PBXResourcesBuildPhase section */
		DDDD60722C6C05590054514A /* Resources */ = {
			isa = PBXResourcesBuildPhase;
			buildActionMask = 2147483647;
			files = (
				DDDD607F2C6C055C0054514A /* Preview Assets.xcassets in Resources */,
				DDDD607C2C6C055C0054514A /* Assets.xcassets in Resources */,
			);
			runOnlyForDeploymentPostprocessing = 0;
		};
/* End PBXResourcesBuildPhase section */

/* Begin PBXSourcesBuildPhase section */
		DDDD60702C6C05590054514A /* Sources */ = {
			isa = PBXSourcesBuildPhase;
			buildActionMask = 2147483647;
			files = (
				DDDD607A2C6C05590054514A /* ContentView.swift in Sources */,
				DDC569882C6EA4E6000C73D5 /* CustomCircleView.swift in Sources */,
				DDDD60862C6C07F20054514A /* CardView.swift in Sources */,
				DDC569842C6E80C0000C73D5 /* CustomButtonView.swift in Sources */,
				DDDD60782C6C05590054514A /* RitzHikeApp.swift in Sources */,
				DDC5698D2C6EAE95000C73D5 /* SettingsView.swift in Sources */,
				DDC569862C6E85B7000C73D5 /* GradientButtonStyle.swift in Sources */,
				DDC5698A2C6EA66B000C73D5 /* MotionAnimationView.swift in Sources */,
				DDDD60892C6C09DC0054514A /* CustomBackgroundView.swift in Sources */,
				DDC569822C6E7C89000C73D5 /* ColorExtension.swift in Sources */,
			);
			runOnlyForDeploymentPostprocessing = 0;
		};
/* End PBXSourcesBuildPhase section */

/* Begin XCBuildConfiguration section */
		DDDD60802C6C055C0054514A /* Debug */ = {
			isa = XCBuildConfiguration;
			buildSettings = {
				ALWAYS_SEARCH_USER_PATHS = NO;
				ASSETCATALOG_COMPILER_GENERATE_SWIFT_ASSET_SYMBOL_EXTENSIONS = YES;
				CLANG_ANALYZER_NONNULL = YES;
				CLANG_ANALYZER_NUMBER_OBJECT_CONVERSION = YES_AGGRESSIVE;
				CLANG_CXX_LANGUAGE_STANDARD = "gnu++20";
				CLANG_ENABLE_MODULES = YES;
				CLANG_ENABLE_OBJC_ARC = YES;
				CLANG_ENABLE_OBJC_WEAK = YES;
				CLANG_WARN_BLOCK_CAPTURE_AUTORELEASING = YES;
				CLANG_WARN_BOOL_CONVERSION = YES;
				CLANG_WARN_COMMA = YES;
				CLANG_WARN_CONSTANT_CONVERSION = YES;
				CLANG_WARN_DEPRECATED_OBJC_IMPLEMENTATIONS = YES;
				CLANG_WARN_DIRECT_OBJC_ISA_USAGE = YES_ERROR;
				CLANG_WARN_DOCUMENTATION_COMMENTS = YES;
				CLANG_WARN_EMPTY_BODY = YES;
				CLANG_WARN_ENUM_CONVERSION = YES;
				CLANG_WARN_INFINITE_RECURSION = YES;
				CLANG_WARN_INT_CONVERSION = YES;
				CLANG_WARN_NON_LITERAL_NULL_CONVERSION = YES;
				CLANG_WARN_OBJC_IMPLICIT_RETAIN_SELF = YES;
				CLANG_WARN_OBJC_LITERAL_CONVERSION = YES;
				CLANG_WARN_OBJC_ROOT_CLASS = YES_ERROR;
				CLANG_WARN_QUOTED_INCLUDE_IN_FRAMEWORK_HEADER = YES;
				CLANG_WARN_RANGE_LOOP_ANALYSIS = YES;
				CLANG_WARN_STRICT_PROTOTYPES = YES;
				CLANG_WARN_SUSPICIOUS_MOVE = YES;
				CLANG_WARN_UNGUARDED_AVAILABILITY = YES_AGGRESSIVE;
				CLANG_WARN_UNREACHABLE_CODE = YES;
				CLANG_WARN__DUPLICATE_METHOD_MATCH = YES;
				COPY_PHASE_STRIP = NO;
				DEBUG_INFORMATION_FORMAT = dwarf;
				ENABLE_STRICT_OBJC_MSGSEND = YES;
				ENABLE_TESTABILITY = YES;
				ENABLE_USER_SCRIPT_SANDBOXING = YES;
				GCC_C_LANGUAGE_STANDARD = gnu17;
				GCC_DYNAMIC_NO_PIC = NO;
				GCC_NO_COMMON_BLOCKS = YES;
				GCC_OPTIMIZATION_LEVEL = 0;
				GCC_PREPROCESSOR_DEFINITIONS = (
					"DEBUG=1",
					"$(inherited)",
				);
				GCC_WARN_64_TO_32_BIT_CONVERSION = YES;
				GCC_WARN_ABOUT_RETURN_TYPE = YES_ERROR;
				GCC_WARN_UNDECLARED_SELECTOR = YES;
				GCC_WARN_UNINITIALIZED_AUTOS = YES_AGGRESSIVE;
				GCC_WARN_UNUSED_FUNCTION = YES;
				GCC_WARN_UNUSED_VARIABLE = YES;
				IPHONEOS_DEPLOYMENT_TARGET = 17.5;
				LOCALIZATION_PREFERS_STRING_CATALOGS = YES;
				MTL_ENABLE_DEBUG_INFO = INCLUDE_SOURCE;
				MTL_FAST_MATH = YES;
				ONLY_ACTIVE_ARCH = YES;
				SDKROOT = iphoneos;
				SWIFT_ACTIVE_COMPILATION_CONDITIONS = "DEBUG $(inherited)";
				SWIFT_OPTIMIZATION_LEVEL = "-Onone";
			};
			name = Debug;
		};
		DDDD60812C6C055C0054514A /* Release */ = {
			isa = XCBuildConfiguration;
			buildSettings = {
				ALWAYS_SEARCH_USER_PATHS = NO;
				ASSETCATALOG_COMPILER_GENERATE_SWIFT_ASSET_SYMBOL_EXTENSIONS = YES;
				CLANG_ANALYZER_NONNULL = YES;
				CLANG_ANALYZER_NUMBER_OBJECT_CONVERSION = YES_AGGRESSIVE;
				CLANG_CXX_LANGUAGE_STANDARD = "gnu++20";
				CLANG_ENABLE_MODULES = YES;
				CLANG_ENABLE_OBJC_ARC = YES;
				CLANG_ENABLE_OBJC_WEAK = YES;
				CLANG_WARN_BLOCK_CAPTURE_AUTORELEASING = YES;
				CLANG_WARN_BOOL_CONVERSION = YES;
				CLANG_WARN_COMMA = YES;
				CLANG_WARN_CONSTANT_CONVERSION = YES;
				CLANG_WARN_DEPRECATED_OBJC_IMPLEMENTATIONS = YES;
				CLANG_WARN_DIRECT_OBJC_ISA_USAGE = YES_ERROR;
				CLANG_WARN_DOCUMENTATION_COMMENTS = YES;
				CLANG_WARN_EMPTY_BODY = YES;
				CLANG_WARN_ENUM_CONVERSION = YES;
				CLANG_WARN_INFINITE_RECURSION = YES;
				CLANG_WARN_INT_CONVERSION = YES;
				CLANG_WARN_NON_LITERAL_NULL_CONVERSION = YES;
				CLANG_WARN_OBJC_IMPLICIT_RETAIN_SELF = YES;
				CLANG_WARN_OBJC_LITERAL_CONVERSION = YES;
				CLANG_WARN_OBJC_ROOT_CLASS = YES_ERROR;
				CLANG_WARN_QUOTED_INCLUDE_IN_FRAMEWORK_HEADER = YES;
				CLANG_WARN_RANGE_LOOP_ANALYSIS = YES;
				CLANG_WARN_STRICT_PROTOTYPES = YES;
				CLANG_WARN_SUSPICIOUS_MOVE = YES;
				CLANG_WARN_UNGUARDED_AVAILABILITY = YES_AGGRESSIVE;
				CLANG_WARN_UNREACHABLE_CODE = YES;
				CLANG_WARN__DUPLICATE_METHOD_MATCH = YES;
				COPY_PHASE_STRIP = NO;
				DEBUG_INFORMATION_FORMAT = "dwarf-with-dsym";
				ENABLE_NS_ASSERTIONS = NO;
				ENABLE_STRICT_OBJC_MSGSEND = YES;
				ENABLE_USER_SCRIPT_SANDBOXING = YES;
				GCC_C_LANGUAGE_STANDARD = gnu17;
				GCC_NO_COMMON_BLOCKS = YES;
				GCC_WARN_64_TO_32_BIT_CONVERSION = YES;
				GCC_WARN_ABOUT_RETURN_TYPE = YES_ERROR;
				GCC_WARN_UNDECLARED_SELECTOR = YES;
				GCC_WARN_UNINITIALIZED_AUTOS = YES_AGGRESSIVE;
				GCC_WARN_UNUSED_FUNCTION = YES;
				GCC_WARN_UNUSED_VARIABLE = YES;
				IPHONEOS_DEPLOYMENT_TARGET = 17.5;
				LOCALIZATION_PREFERS_STRING_CATALOGS = YES;
				MTL_ENABLE_DEBUG_INFO = NO;
				MTL_FAST_MATH = YES;
				SDKROOT = iphoneos;
				SWIFT_COMPILATION_MODE = wholemodule;
				VALIDATE_PRODUCT = YES;
			};
			name = Release;
		};
		DDDD60832C6C055C0054514A /* Debug */ = {
			isa = XCBuildConfiguration;
			buildSettings = {
				ASSETCATALOG_COMPILER_APPICON_NAME = AppIcon;
				ASSETCATALOG_COMPILER_GLOBAL_ACCENT_COLOR_NAME = AccentColor;
				CODE_SIGN_STYLE = Automatic;
				CURRENT_PROJECT_VERSION = 1;
				DEVELOPMENT_ASSET_PATHS = "\"RitzHike/Preview Content\"";
				DEVELOPMENT_TEAM = 3SXDZ2G37Q;
				ENABLE_PREVIEWS = YES;
				GENERATE_INFOPLIST_FILE = YES;
				INFOPLIST_KEY_UIApplicationSceneManifest_Generation = YES;
				INFOPLIST_KEY_UIApplicationSupportsIndirectInputEvents = YES;
				INFOPLIST_KEY_UILaunchScreen_Generation = YES;
				INFOPLIST_KEY_UISupportedInterfaceOrientations_iPad = "UIInterfaceOrientationPortrait UIInterfaceOrientationPortraitUpsideDown UIInterfaceOrientationLandscapeLeft UIInterfaceOrientationLandscapeRight";
				INFOPLIST_KEY_UISupportedInterfaceOrientations_iPhone = "UIInterfaceOrientationPortrait UIInterfaceOrientationLandscapeLeft UIInterfaceOrientationLandscapeRight";
				LD_RUNPATH_SEARCH_PATHS = (
					"$(inherited)",
					"@executable_path/Frameworks",
				);
				MARKETING_VERSION = 1.0;
				PRODUCT_BUNDLE_IDENTIFIER = MonicaKennedy.RitzHike;
				PRODUCT_NAME = "$(TARGET_NAME)";
				SWIFT_EMIT_LOC_STRINGS = YES;
				SWIFT_VERSION = 5.0;
				TARGETED_DEVICE_FAMILY = "1,2";
			};
			name = Debug;
		};
		DDDD60842C6C055C0054514A /* Release */ = {
			isa = XCBuildConfiguration;
			buildSettings = {
				ASSETCATALOG_COMPILER_APPICON_NAME = AppIcon;
				ASSETCATALOG_COMPILER_GLOBAL_ACCENT_COLOR_NAME = AccentColor;
				CODE_SIGN_STYLE = Automatic;
				CURRENT_PROJECT_VERSION = 1;
				DEVELOPMENT_ASSET_PATHS = "\"RitzHike/Preview Content\"";
				DEVELOPMENT_TEAM = 3SXDZ2G37Q;
				ENABLE_PREVIEWS = YES;
				GENERATE_INFOPLIST_FILE = YES;
				INFOPLIST_KEY_UIApplicationSceneManifest_Generation = YES;
				INFOPLIST_KEY_UIApplicationSupportsIndirectInputEvents = YES;
				INFOPLIST_KEY_UILaunchScreen_Generation = YES;
				INFOPLIST_KEY_UISupportedInterfaceOrientations_iPad = "UIInterfaceOrientationPortrait UIInterfaceOrientationPortraitUpsideDown UIInterfaceOrientationLandscapeLeft UIInterfaceOrientationLandscapeRight";
				INFOPLIST_KEY_UISupportedInterfaceOrientations_iPhone = "UIInterfaceOrientationPortrait UIInterfaceOrientationLandscapeLeft UIInterfaceOrientationLandscapeRight";
				LD_RUNPATH_SEARCH_PATHS = (
					"$(inherited)",
					"@executable_path/Frameworks",
				);
				MARKETING_VERSION = 1.0;
				PRODUCT_BUNDLE_IDENTIFIER = MonicaKennedy.RitzHike;
				PRODUCT_NAME = "$(TARGET_NAME)";
				SWIFT_EMIT_LOC_STRINGS = YES;
				SWIFT_VERSION = 5.0;
				TARGETED_DEVICE_FAMILY = "1,2";
			};
			name = Release;
		};
/* End XCBuildConfiguration section */

/* Begin XCConfigurationList section */
		DDDD606F2C6C05590054514A /* Build configuration list for PBXProject "RitzHike" */ = {
			isa = XCConfigurationList;
			buildConfigurations = (
				DDDD60802C6C055C0054514A /* Debug */,
				DDDD60812C6C055C0054514A /* Release */,
			);
			defaultConfigurationIsVisible = 0;
			defaultConfigurationName = Release;
		};
		DDDD60822C6C055C0054514A /* Build configuration list for PBXNativeTarget "RitzHike" */ = {
			isa = XCConfigurationList;
			buildConfigurations = (
				DDDD60832C6C055C0054514A /* Debug */,
				DDDD60842C6C055C0054514A /* Release */,
			);
			defaultConfigurationIsVisible = 0;
			defaultConfigurationName = Release;
		};
/* End XCConfigurationList section */
	};
	rootObject = DDDD606C2C6C05590054514A /* Project object */;
}
